
Microsoft Visual Studio Solution File, Format Version 12.00
# Visual Studio Version 17
VisualStudioVersion = 17.2.32526.322
MinimumVisualStudioVersion = 10.0.40219.1
Project("{888888A0-9F3D-457C-B088-3A5042F75D52}") = "Section5_ListsandTuples", "Section5_ListsandTuples\Section5_ListsandTuples.pyproj", "{6C97A801-DC4C-40CF-B8CB-A5BA5271EB1D}"
EndProject
Project("{888888A0-9F3D-457C-B088-3A5042F75D52}") = "Section4_ProgramFlowControl", "Section4_ProgramFlowControl\Section4_ProgramFlowControl.pyproj", "{C0554946-3840-4246-9526-C2659F9EA9D0}"
EndProject
Project("{888888A0-9F3D-457C-B088-3A5042F75D52}") = "Section3_Basics", "Section3_Basics\Section3_Basics.pyproj", "{5531EFE4-2111-40C1-89B6-27F0DB0073A3}"
EndProject
Project("{888888A0-9F3D-457C-B088-3A5042F75D52}") = "Section6_functions", "Section6_functions\Section6_Functions.pyproj", "{CDF2AD81-10AD-4258-B8A5-B45DB5BCE28F}"
EndProject
Global
	GlobalSection(SolutionConfigurationPlatforms) = preSolution
		Debug|Any CPU = Debug|Any CPU
		Release|Any CPU = Release|Any CPU
	EndGlobalSection
	GlobalSection(ProjectConfigurationPlatforms) = postSolution
		{6C97A801-DC4C-40CF-B8CB-A5BA5271EB1D}.Debug|Any CPU.ActiveCfg = Debug|Any CPU
		{6C97A801-DC4C-40CF-B8CB-A5BA5271EB1D}.Release|Any CPU.ActiveCfg = Release|Any CPU
		{C0554946-3840-4246-9526-C2659F9EA9D0}.Debug|Any CPU.ActiveCfg = Debug|Any CPU
		{C0554946-3840-4246-9526-C2659F9EA9D0}.Release|Any CPU.ActiveCfg = Release|Any CPU
		{5531EFE4-2111-40C1-89B6-27F0DB0073A3}.Debug|Any CPU.ActiveCfg = Debug|Any CPU
		{5531EFE4-2111-40C1-89B6-27F0DB0073A3}.Release|Any CPU.ActiveCfg = Release|Any CPU
		{CDF2AD81-10AD-4258-B8A5-B45DB5BCE28F}.Debug|Any CPU.ActiveCfg = Debug|Any CPU
		{CDF2AD81-10AD-4258-B8A5-B45DB5BCE28F}.Release|Any CPU.ActiveCfg = Release|Any CPU
	EndGlobalSection
	GlobalSection(SolutionProperties) = preSolution
		HideSolutionNode = FALSE
	EndGlobalSection
	GlobalSection(ExtensibilityGlobals) = postSolution
		SolutionGuid = {B4DD5A86-50C2-4D9A-811F-C76954FF1686}
	EndGlobalSection
EndGlobal
